
Microsoft Visual Studio Solution File, Format Version 12.00
# Visual Studio Version 16
VisualStudioVersion = 16.0.29709.97
MinimumVisualStudioVersion = 10.0.40219.1
Project("{9A19103F-16F7-4668-BE54-9A1E7A4F7556}") = "Api.Application", "Api\Api.Application.csproj", "{463B50DA-34EA-4097-B264-4DCD25B76147}"
EndProject
Project("{9A19103F-16F7-4668-BE54-9A1E7A4F7556}") = "Api.Domain", "Domain\Api.Domain.csproj", "{E5587406-FD2E-451C-892A-1AE87B77E3F2}"
EndProject
Project("{9A19103F-16F7-4668-BE54-9A1E7A4F7556}") = "Api.CrossCutting", "CrossCutting\Api.CrossCutting.csproj", "{6A4D5F2D-4928-4B5E-BC5E-B3C076C807AC}"
EndProject
Project("{9A19103F-16F7-4668-BE54-9A1E7A4F7556}") = "Api.Data", "Api.Data\Api.Data.csproj", "{AAF92466-1201-4A89-AD0A-565D1812A29D}"
EndProject
Project("{9A19103F-16F7-4668-BE54-9A1E7A4F7556}") = "Api.Service", "Service\Api.Service.csproj", "{E3197661-5F06-4DB2-8173-DC61DF97E824}"
EndProject
Project("{9A19103F-16F7-4668-BE54-9A1E7A4F7556}") = "Api.UnitTest", "Api.Test\Api.UnitTest.csproj", "{64E4CBE0-CD14-4B2E-9DB4-44CCFDF96636}"
EndProject
Project("{FAE04EC0-301F-11D3-BF4B-00C04F79EFBC}") = "Api.IntegrationTest", "Api.IntegrationTest\Api.IntegrationTest.csproj", "{77B413AB-7B3A-4CF0-92B2-0BFDC6BC0EAC}"
EndProject
Global
	GlobalSection(SolutionConfigurationPlatforms) = preSolution
		Debug|Any CPU = Debug|Any CPU
		Release|Any CPU = Release|Any CPU
	EndGlobalSection
	GlobalSection(ProjectConfigurationPlatforms) = postSolution
		{463B50DA-34EA-4097-B264-4DCD25B76147}.Debug|Any CPU.ActiveCfg = Debug|Any CPU
		{463B50DA-34EA-4097-B264-4DCD25B76147}.Debug|Any CPU.Build.0 = Debug|Any CPU
		{463B50DA-34EA-4097-B264-4DCD25B76147}.Release|Any CPU.ActiveCfg = Release|Any CPU
		{463B50DA-34EA-4097-B264-4DCD25B76147}.Release|Any CPU.Build.0 = Release|Any CPU
		{E5587406-FD2E-451C-892A-1AE87B77E3F2}.Debug|Any CPU.ActiveCfg = Debug|Any CPU
		{E5587406-FD2E-451C-892A-1AE87B77E3F2}.Debug|Any CPU.Build.0 = Debug|Any CPU
		{E5587406-FD2E-451C-892A-1AE87B77E3F2}.Release|Any CPU.ActiveCfg = Release|Any CPU
		{E5587406-FD2E-451C-892A-1AE87B77E3F2}.Release|Any CPU.Build.0 = Release|Any CPU
		{6A4D5F2D-4928-4B5E-BC5E-B3C076C807AC}.Debug|Any CPU.ActiveCfg = Debug|Any CPU
		{6A4D5F2D-4928-4B5E-BC5E-B3C076C807AC}.Debug|Any CPU.Build.0 = Debug|Any CPU
		{6A4D5F2D-4928-4B5E-BC5E-B3C076C807AC}.Release|Any CPU.ActiveCfg = Release|Any CPU
		{6A4D5F2D-4928-4B5E-BC5E-B3C076C807AC}.Release|Any CPU.Build.0 = Release|Any CPU
		{AAF92466-1201-4A89-AD0A-565D1812A29D}.Debug|Any CPU.ActiveCfg = Debug|Any CPU
		{AAF92466-1201-4A89-AD0A-565D1812A29D}.Debug|Any CPU.Build.0 = Debug|Any CPU
		{AAF92466-1201-4A89-AD0A-565D1812A29D}.Release|Any CPU.ActiveCfg = Release|Any CPU
		{AAF92466-1201-4A89-AD0A-565D1812A29D}.Release|Any CPU.Build.0 = Release|Any CPU
		{E3197661-5F06-4DB2-8173-DC61DF97E824}.Debug|Any CPU.ActiveCfg = Debug|Any CPU
		{E3197661-5F06-4DB2-8173-DC61DF97E824}.Debug|Any CPU.Build.0 = Debug|Any CPU
		{E3197661-5F06-4DB2-8173-DC61DF97E824}.Release|Any CPU.ActiveCfg = Release|Any CPU
		{E3197661-5F06-4DB2-8173-DC61DF97E824}.Release|Any CPU.Build.0 = Release|Any CPU
		{64E4CBE0-CD14-4B2E-9DB4-44CCFDF96636}.Debug|Any CPU.ActiveCfg = Debug|Any CPU
		{64E4CBE0-CD14-4B2E-9DB4-44CCFDF96636}.Debug|Any CPU.Build.0 = Debug|Any CPU
		{64E4CBE0-CD14-4B2E-9DB4-44CCFDF96636}.Release|Any CPU.ActiveCfg = Release|Any CPU
		{64E4CBE0-CD14-4B2E-9DB4-44CCFDF96636}.Release|Any CPU.Build.0 = Release|Any CPU
		{77B413AB-7B3A-4CF0-92B2-0BFDC6BC0EAC}.Debug|Any CPU.ActiveCfg = Debug|Any CPU
		{77B413AB-7B3A-4CF0-92B2-0BFDC6BC0EAC}.Debug|Any CPU.Build.0 = Debug|Any CPU
		{77B413AB-7B3A-4CF0-92B2-0BFDC6BC0EAC}.Release|Any CPU.ActiveCfg = Release|Any CPU
		{77B413AB-7B3A-4CF0-92B2-0BFDC6BC0EAC}.Release|Any CPU.Build.0 = Release|Any CPU
	EndGlobalSection
	GlobalSection(SolutionProperties) = preSolution
		HideSolutionNode = FALSE
	EndGlobalSection
	GlobalSection(ExtensibilityGlobals) = postSolution
		SolutionGuid = {0981A44A-FE8E-468E-A8A2-163F4874A6FB}
	EndGlobalSection
EndGlobal
